
Microsoft Visual Studio Solution File, Format Version 12.00
# Visual Studio Version 17
VisualStudioVersion = 17.3.32825.248
MinimumVisualStudioVersion = 10.0.40219.1
Project("{FAE04EC0-301F-11D3-BF4B-00C04F79EFBC}") = "Adams", "Adams\Adams.csproj", "{F8D0DC6A-8CFF-4A8B-BED8-AE35DEA103BB}"
EndProject
Global
	GlobalSection(SolutionConfigurationPlatforms) = preSolution
		Debug|Any CPU = Debug|Any CPU
		Release|Any CPU = Release|Any CPU
	EndGlobalSection
	GlobalSection(ProjectConfigurationPlatforms) = postSolution
		{F8D0DC6A-8CFF-4A8B-BED8-AE35DEA103BB}.Debug|Any CPU.ActiveCfg = Debug|Any CPU
		{F8D0DC6A-8CFF-4A8B-BED8-AE35DEA103BB}.Debug|Any CPU.Build.0 = Debug|Any CPU
		{F8D0DC6A-8CFF-4A8B-BED8-AE35DEA103BB}.Release|Any CPU.ActiveCfg = Release|Any CPU
		{F8D0DC6A-8CFF-4A8B-BED8-AE35DEA103BB}.Release|Any CPU.Build.0 = Release|Any CPU
	EndGlobalSection
	GlobalSection(SolutionProperties) = preSolution
		HideSolutionNode = FALSE
	EndGlobalSection
	GlobalSection(ExtensibilityGlobals) = postSolution
		SolutionGuid = {5BFD2E01-9F84-49F6-A524-F2937231C1AF}
	EndGlobalSection
EndGlobal
